// !$*UTF8*$!
{
	archiveVersion = 1;
	classes = {
	};
	objectVersion = 77;
	objects = {

/* Begin PBXBuildFile section */
		0378E30F5EBE31B5870C2518 /* MenuBarController.swift in Sources */ = {isa = PBXBuildFile; fileRef = 3A64A28B0A7F98C61DCCE832 /* MenuBarController.swift */; };
		0D7DF3D46E6750E2E5CBB57F /* SettingsSectionView.swift in Sources */ = {isa = PBXBuildFile; fileRef = 7B85ABBF2C4A61D1676AD215 /* SettingsSectionView.swift */; };
		125DBD3C55D66C6BD157FB52 /* LaunchAtLoginManager.swift in Sources */ = {isa = PBXBuildFile; fileRef = 1434CB52CF722CD9CD585572 /* LaunchAtLoginManager.swift */; };
		198919D926141D565DF8A8CE /* LunarCalendarApp.swift in Sources */ = {isa = PBXBuildFile; fileRef = 4D43CCBC2CD8F223D7A4A042 /* LunarCalendarApp.swift */; };
		20A6E8E2E09857BE1D9EF22C /* SettingsContentView.swift in Sources */ = {isa = PBXBuildFile; fileRef = FDE5FC5BD02BA96B44C82AD0 /* SettingsContentView.swift */; };
		2D743FF2A9ADAB5CAF91906A /* Models.swift in Sources */ = {isa = PBXBuildFile; fileRef = F8542CC2F15071D6381BEA8F /* Models.swift */; };
		3628F365A83EC147A8023997 /* EventKitService.swift in Sources */ = {isa = PBXBuildFile; fileRef = 7181E38EE35EBFE2DD323770 /* EventKitService.swift */; };
		41A645E1D423428CD8EF9387 /* PersistenceController.swift in Sources */ = {isa = PBXBuildFile; fileRef = AAE5B6E8E748C39A543BCCF3 /* PersistenceController.swift */; };
		59238440428383F684F54BF7 /* AgendaListView.swift in Sources */ = {isa = PBXBuildFile; fileRef = 7FF9098F7AF909833087575E /* AgendaListView.swift */; };
		7363E25189FEA733E33C68DE /* AppSettingsView.swift in Sources */ = {isa = PBXBuildFile; fileRef = E9FB3A28BE076B236B564623 /* AppSettingsView.swift */; };
		7DAFA41D6ED8AF51568A16C7 /* MenuBarSettingsTab.swift in Sources */ = {isa = PBXBuildFile; fileRef = DC04D6FE5416AB1C99DD10DA /* MenuBarSettingsTab.swift */; };
		7EB9FA2576618B5A279FE19F /* DateSupport.swift in Sources */ = {isa = PBXBuildFile; fileRef = E47CE509BAE561FBC75F4DA2 /* DateSupport.swift */; };
		9EF3F4F05614C3D7BB374EA2 /* CalendarPopoverView.swift in Sources */ = {isa = PBXBuildFile; fileRef = 5B4E4A359C288050840E259E /* CalendarPopoverView.swift */; };
		BFDEE747316AAE55F31D2A75 /* solar_terms.json in Resources */ = {isa = PBXBuildFile; fileRef = D8F5078480404E0710E9930A /* solar_terms.json */; };
		D0B66C40E2594A11EA240D50 /* SourcesSettingsTab.swift in Sources */ = {isa = PBXBuildFile; fileRef = 3FB6619EF8A382D59ACBB41B /* SourcesSettingsTab.swift */; };
		D2A74565FBE713E6DC33456A /* GeneralSettingsTab.swift in Sources */ = {isa = PBXBuildFile; fileRef = D0345A0A732AE7F700E60B74 /* GeneralSettingsTab.swift */; };
		DA252FE0C28143EA90AC2F6D /* CachedAgendaItem.swift in Sources */ = {isa = PBXBuildFile; fileRef = DF7914BBE2F3F98D17C715F4 /* CachedAgendaItem.swift */; };
		DB6D6AFD6E7BF52623103F41 /* AppState.swift in Sources */ = {isa = PBXBuildFile; fileRef = 43009B2601A54FDDEB3EF414 /* AppState.swift */; };
		E102D0B4F9DA7B1DCDF6CADC /* MonthGridView.swift in Sources */ = {isa = PBXBuildFile; fileRef = CB44B19F08FD3B992148A5DD /* MonthGridView.swift */; };
		EE44D6C522D5F23330B6BE12 /* AgendaCacheStore.swift in Sources */ = {isa = PBXBuildFile; fileRef = D03FE50C87A16F01E12EB46E /* AgendaCacheStore.swift */; };
		F653279484772553CC55F705 /* SettingsStore.swift in Sources */ = {isa = PBXBuildFile; fileRef = 5210F773DFD11EEE9F833C9E /* SettingsStore.swift */; };
		F809EC12533146E7502D7225 /* LunarService.swift in Sources */ = {isa = PBXBuildFile; fileRef = ACCA213DB86DA8DB1ECD3417 /* LunarService.swift */; };
/* End PBXBuildFile section */

/* Begin PBXFileReference section */
		1434CB52CF722CD9CD585572 /* LaunchAtLoginManager.swift */ = {isa = PBXFileReference; lastKnownFileType = sourcecode.swift; path = LaunchAtLoginManager.swift; sourceTree = "<group>"; };
		3A64A28B0A7F98C61DCCE832 /* MenuBarController.swift */ = {isa = PBXFileReference; lastKnownFileType = sourcecode.swift; path = MenuBarController.swift; sourceTree = "<group>"; };
		3FB6619EF8A382D59ACBB41B /* SourcesSettingsTab.swift */ = {isa = PBXFileReference; lastKnownFileType = sourcecode.swift; path = SourcesSettingsTab.swift; sourceTree = "<group>"; };
		43009B2601A54FDDEB3EF414 /* AppState.swift */ = {isa = PBXFileReference; lastKnownFileType = sourcecode.swift; path = AppState.swift; sourceTree = "<group>"; };
		4D43CCBC2CD8F223D7A4A042 /* LunarCalendarApp.swift */ = {isa = PBXFileReference; lastKnownFileType = sourcecode.swift; path = LunarCalendarApp.swift; sourceTree = "<group>"; };
		5210F773DFD11EEE9F833C9E /* SettingsStore.swift */ = {isa = PBXFileReference; lastKnownFileType = sourcecode.swift; path = SettingsStore.swift; sourceTree = "<group>"; };
		5B4E4A359C288050840E259E /* CalendarPopoverView.swift */ = {isa = PBXFileReference; lastKnownFileType = sourcecode.swift; path = CalendarPopoverView.swift; sourceTree = "<group>"; };
		7181E38EE35EBFE2DD323770 /* EventKitService.swift */ = {isa = PBXFileReference; lastKnownFileType = sourcecode.swift; path = EventKitService.swift; sourceTree = "<group>"; };
		7B85ABBF2C4A61D1676AD215 /* SettingsSectionView.swift */ = {isa = PBXFileReference; lastKnownFileType = sourcecode.swift; path = SettingsSectionView.swift; sourceTree = "<group>"; };
		7FF9098F7AF909833087575E /* AgendaListView.swift */ = {isa = PBXFileReference; lastKnownFileType = sourcecode.swift; path = AgendaListView.swift; sourceTree = "<group>"; };
		AAE5B6E8E748C39A543BCCF3 /* PersistenceController.swift */ = {isa = PBXFileReference; lastKnownFileType = sourcecode.swift; path = PersistenceController.swift; sourceTree = "<group>"; };
		ACCA213DB86DA8DB1ECD3417 /* LunarService.swift */ = {isa = PBXFileReference; lastKnownFileType = sourcecode.swift; path = LunarService.swift; sourceTree = "<group>"; };
		CB44B19F08FD3B992148A5DD /* MonthGridView.swift */ = {isa = PBXFileReference; lastKnownFileType = sourcecode.swift; path = MonthGridView.swift; sourceTree = "<group>"; };
		D0345A0A732AE7F700E60B74 /* GeneralSettingsTab.swift */ = {isa = PBXFileReference; lastKnownFileType = sourcecode.swift; path = GeneralSettingsTab.swift; sourceTree = "<group>"; };
		D03FE50C87A16F01E12EB46E /* AgendaCacheStore.swift */ = {isa = PBXFileReference; lastKnownFileType = sourcecode.swift; path = AgendaCacheStore.swift; sourceTree = "<group>"; };
		D155F3FD1DE9E3C9A0513055 /* LunarCalendarApp.app */ = {isa = PBXFileReference; explicitFileType = wrapper.application; includeInIndex = 0; path = LunarCalendarApp.app; sourceTree = BUILT_PRODUCTS_DIR; };
		D8F5078480404E0710E9930A /* solar_terms.json */ = {isa = PBXFileReference; lastKnownFileType = text.json; path = solar_terms.json; sourceTree = "<group>"; };
		DC04D6FE5416AB1C99DD10DA /* MenuBarSettingsTab.swift */ = {isa = PBXFileReference; lastKnownFileType = sourcecode.swift; path = MenuBarSettingsTab.swift; sourceTree = "<group>"; };
		DF7914BBE2F3F98D17C715F4 /* CachedAgendaItem.swift */ = {isa = PBXFileReference; lastKnownFileType = sourcecode.swift; path = CachedAgendaItem.swift; sourceTree = "<group>"; };
		E47CE509BAE561FBC75F4DA2 /* DateSupport.swift */ = {isa = PBXFileReference; lastKnownFileType = sourcecode.swift; path = DateSupport.swift; sourceTree = "<group>"; };
		E9FB3A28BE076B236B564623 /* AppSettingsView.swift */ = {isa = PBXFileReference; lastKnownFileType = sourcecode.swift; path = AppSettingsView.swift; sourceTree = "<group>"; };
		F8542CC2F15071D6381BEA8F /* Models.swift */ = {isa = PBXFileReference; lastKnownFileType = sourcecode.swift; path = Models.swift; sourceTree = "<group>"; };
		FDE5FC5BD02BA96B44C82AD0 /* SettingsContentView.swift */ = {isa = PBXFileReference; lastKnownFileType = sourcecode.swift; path = SettingsContentView.swift; sourceTree = "<group>"; };
/* End PBXFileReference section */

/* Begin PBXGroup section */
		00AE1720396FBF6AB90B3127 /* Views */ = {
			isa = PBXGroup;
			children = (
				7FF9098F7AF909833087575E /* AgendaListView.swift */,
				E9FB3A28BE076B236B564623 /* AppSettingsView.swift */,
				5B4E4A359C288050840E259E /* CalendarPopoverView.swift */,
				CB44B19F08FD3B992148A5DD /* MonthGridView.swift */,
				FDE5FC5BD02BA96B44C82AD0 /* SettingsContentView.swift */,
				7B85ABBF2C4A61D1676AD215 /* SettingsSectionView.swift */,
				26F4AE81A6D6F8A54968EBE5 /* Settings */,
			);
			path = Views;
			sourceTree = "<group>";
		};
		07DBD54A3181DB0AE2B9AD2F /* Services */ = {
			isa = PBXGroup;
			children = (
				7181E38EE35EBFE2DD323770 /* EventKitService.swift */,
				1434CB52CF722CD9CD585572 /* LaunchAtLoginManager.swift */,
				ACCA213DB86DA8DB1ECD3417 /* LunarService.swift */,
				5210F773DFD11EEE9F833C9E /* SettingsStore.swift */,
			);
			path = Services;
			sourceTree = "<group>";
		};
		26F4AE81A6D6F8A54968EBE5 /* Settings */ = {
			isa = PBXGroup;
			children = (
				D0345A0A732AE7F700E60B74 /* GeneralSettingsTab.swift */,
				DC04D6FE5416AB1C99DD10DA /* MenuBarSettingsTab.swift */,
				3FB6619EF8A382D59ACBB41B /* SourcesSettingsTab.swift */,
			);
			path = Settings;
			sourceTree = "<group>";
		};
		6372DECE6224D9A9B1C376B7 /* Persistence */ = {
			isa = PBXGroup;
			children = (
				D03FE50C87A16F01E12EB46E /* AgendaCacheStore.swift */,
				DF7914BBE2F3F98D17C715F4 /* CachedAgendaItem.swift */,
				AAE5B6E8E748C39A543BCCF3 /* PersistenceController.swift */,
			);
			path = Persistence;
			sourceTree = "<group>";
		};
		C33F811481403C27AAF51894 /* Resources */ = {
			isa = PBXGroup;
			children = (
				D8F5078480404E0710E9930A /* solar_terms.json */,
			);
			path = Resources;
			sourceTree = "<group>";
		};
		CD468655FD9E314F5018D9C3 /* Products */ = {
			isa = PBXGroup;
			children = (
				D155F3FD1DE9E3C9A0513055 /* LunarCalendarApp.app */,
			);
			name = Products;
			sourceTree = "<group>";
		};
		EB75699FE191085A3E06B1C4 /* LunarCalendarApp */ = {
			isa = PBXGroup;
			children = (
				43009B2601A54FDDEB3EF414 /* AppState.swift */,
				E47CE509BAE561FBC75F4DA2 /* DateSupport.swift */,
				4D43CCBC2CD8F223D7A4A042 /* LunarCalendarApp.swift */,
				3A64A28B0A7F98C61DCCE832 /* MenuBarController.swift */,
				F8542CC2F15071D6381BEA8F /* Models.swift */,
				6372DECE6224D9A9B1C376B7 /* Persistence */,
				C33F811481403C27AAF51894 /* Resources */,
				07DBD54A3181DB0AE2B9AD2F /* Services */,
				00AE1720396FBF6AB90B3127 /* Views */,
			);
			name = LunarCalendarApp;
			path = Sources/LunarCalendarApp;
			sourceTree = "<group>";
		};
		FBE1D7BDAC3F24225DBA4CF7 = {
			isa = PBXGroup;
			children = (
				EB75699FE191085A3E06B1C4 /* LunarCalendarApp */,
				CD468655FD9E314F5018D9C3 /* Products */,
			);
			sourceTree = "<group>";
		};
/* End PBXGroup section */

/* Begin PBXNativeTarget section */
		71605EF26F21234CE7DB419F /* LunarCalendarApp */ = {
			isa = PBXNativeTarget;
			buildConfigurationList = 1FA604C5614B50D51BF0CA31 /* Build configuration list for PBXNativeTarget "LunarCalendarApp" */;
			buildPhases = (
				EF0901F23CE4920DF51B192A /* Sources */,
				A6DD16829ABEFF8C46310244 /* Resources */,
			);
			buildRules = (
			);
			dependencies = (
			);
			name = LunarCalendarApp;
			packageProductDependencies = (
			);
			productName = LunarCalendarApp;
			productReference = D155F3FD1DE9E3C9A0513055 /* LunarCalendarApp.app */;
			productType = "com.apple.product-type.application";
		};
/* End PBXNativeTarget section */

/* Begin PBXProject section */
		3BDE7113F9869EDB9F6596DC /* Project object */ = {
			isa = PBXProject;
			attributes = {
				BuildIndependentTargetsInParallel = YES;
				LastUpgradeCheck = 1430;
				TargetAttributes = {
					71605EF26F21234CE7DB419F = {
						DevelopmentTeam = "";
						ProvisioningStyle = Automatic;
					};
				};
			};
			buildConfigurationList = 7A0F2A9B7E993A967B17AFC2 /* Build configuration list for PBXProject "LunarCalendarApp" */;
			compatibilityVersion = "Xcode 14.0";
			developmentRegion = en;
			hasScannedForEncodings = 0;
			knownRegions = (
				Base,
				en,
			);
			mainGroup = FBE1D7BDAC3F24225DBA4CF7;
			minimizedProjectReferenceProxies = 1;
			preferredProjectObjectVersion = 77;
			projectDirPath = "";
			projectRoot = "";
			targets = (
				71605EF26F21234CE7DB419F /* LunarCalendarApp */,
			);
		};
/* End PBXProject section */

/* Begin PBXResourcesBuildPhase section */
		A6DD16829ABEFF8C46310244 /* Resources */ = {
			isa = PBXResourcesBuildPhase;
			buildActionMask = 2147483647;
			files = (
				BFDEE747316AAE55F31D2A75 /* solar_terms.json in Resources */,
			);
			runOnlyForDeploymentPostprocessing = 0;
		};
/* End PBXResourcesBuildPhase section */

/* Begin PBXSourcesBuildPhase section */
		EF0901F23CE4920DF51B192A /* Sources */ = {
			isa = PBXSourcesBuildPhase;
			buildActionMask = 2147483647;
			files = (
				EE44D6C522D5F23330B6BE12 /* AgendaCacheStore.swift in Sources */,
				59238440428383F684F54BF7 /* AgendaListView.swift in Sources */,
				7363E25189FEA733E33C68DE /* AppSettingsView.swift in Sources */,
				DB6D6AFD6E7BF52623103F41 /* AppState.swift in Sources */,
				DA252FE0C28143EA90AC2F6D /* CachedAgendaItem.swift in Sources */,
				9EF3F4F05614C3D7BB374EA2 /* CalendarPopoverView.swift in Sources */,
				7EB9FA2576618B5A279FE19F /* DateSupport.swift in Sources */,
				3628F365A83EC147A8023997 /* EventKitService.swift in Sources */,
				D2A74565FBE713E6DC33456A /* GeneralSettingsTab.swift in Sources */,
				125DBD3C55D66C6BD157FB52 /* LaunchAtLoginManager.swift in Sources */,
				198919D926141D565DF8A8CE /* LunarCalendarApp.swift in Sources */,
				F809EC12533146E7502D7225 /* LunarService.swift in Sources */,
				0378E30F5EBE31B5870C2518 /* MenuBarController.swift in Sources */,
				7DAFA41D6ED8AF51568A16C7 /* MenuBarSettingsTab.swift in Sources */,
				2D743FF2A9ADAB5CAF91906A /* Models.swift in Sources */,
				E102D0B4F9DA7B1DCDF6CADC /* MonthGridView.swift in Sources */,
				41A645E1D423428CD8EF9387 /* PersistenceController.swift in Sources */,
				20A6E8E2E09857BE1D9EF22C /* SettingsContentView.swift in Sources */,
				0D7DF3D46E6750E2E5CBB57F /* SettingsSectionView.swift in Sources */,
				F653279484772553CC55F705 /* SettingsStore.swift in Sources */,
				D0B66C40E2594A11EA240D50 /* SourcesSettingsTab.swift in Sources */,
			);
			runOnlyForDeploymentPostprocessing = 0;
		};
/* End PBXSourcesBuildPhase section */

/* Begin XCBuildConfiguration section */
		131C45458666AA02623365AC /* Release */ = {
			isa = XCBuildConfiguration;
			buildSettings = {
				ALWAYS_SEARCH_USER_PATHS = NO;
				CLANG_ANALYZER_NONNULL = YES;
				CLANG_ANALYZER_NUMBER_OBJECT_CONVERSION = YES_AGGRESSIVE;
				CLANG_CXX_LANGUAGE_STANDARD = "gnu++14";
				CLANG_CXX_LIBRARY = "libc++";
				CLANG_ENABLE_MODULES = YES;
				CLANG_ENABLE_OBJC_ARC = YES;
				CLANG_ENABLE_OBJC_WEAK = YES;
				CLANG_WARN_BLOCK_CAPTURE_AUTORELEASING = YES;
				CLANG_WARN_BOOL_CONVERSION = YES;
				CLANG_WARN_COMMA = YES;
				CLANG_WARN_CONSTANT_CONVERSION = YES;
				CLANG_WARN_DEPRECATED_OBJC_IMPLEMENTATIONS = YES;
				CLANG_WARN_DIRECT_OBJC_ISA_USAGE = YES_ERROR;
				CLANG_WARN_DOCUMENTATION_COMMENTS = YES;
				CLANG_WARN_EMPTY_BODY = YES;
				CLANG_WARN_ENUM_CONVERSION = YES;
				CLANG_WARN_INFINITE_RECURSION = YES;
				CLANG_WARN_INT_CONVERSION = YES;
				CLANG_WARN_NON_LITERAL_NULL_CONVERSION = YES;
				CLANG_WARN_OBJC_IMPLICIT_RETAIN_SELF = YES;
				CLANG_WARN_OBJC_LITERAL_CONVERSION = YES;
				CLANG_WARN_OBJC_ROOT_CLASS = YES_ERROR;
				CLANG_WARN_QUOTED_INCLUDE_IN_FRAMEWORK_HEADER = YES;
				CLANG_WARN_RANGE_LOOP_ANALYSIS = YES;
				CLANG_WARN_STRICT_PROTOTYPES = YES;
				CLANG_WARN_SUSPICIOUS_MOVE = YES;
				CLANG_WARN_UNGUARDED_AVAILABILITY = YES_AGGRESSIVE;
				CLANG_WARN_UNREACHABLE_CODE = YES;
				CLANG_WARN__DUPLICATE_METHOD_MATCH = YES;
				COPY_PHASE_STRIP = NO;
				DEBUG_INFORMATION_FORMAT = "dwarf-with-dsym";
				ENABLE_NS_ASSERTIONS = NO;
				ENABLE_STRICT_OBJC_MSGSEND = YES;
				GCC_C_LANGUAGE_STANDARD = gnu11;
				GCC_NO_COMMON_BLOCKS = YES;
				GCC_WARN_64_TO_32_BIT_CONVERSION = YES;
				GCC_WARN_ABOUT_RETURN_TYPE = YES_ERROR;
				GCC_WARN_UNDECLARED_SELECTOR = YES;
				GCC_WARN_UNINITIALIZED_AUTOS = YES_AGGRESSIVE;
				GCC_WARN_UNUSED_FUNCTION = YES;
				GCC_WARN_UNUSED_VARIABLE = YES;
				MACOSX_DEPLOYMENT_TARGET = 14.0;
				MTL_ENABLE_DEBUG_INFO = NO;
				MTL_FAST_MATH = YES;
				PRODUCT_NAME = "$(TARGET_NAME)";
				SDKROOT = macosx;
				SWIFT_COMPILATION_MODE = wholemodule;
				SWIFT_OPTIMIZATION_LEVEL = "-O";
				SWIFT_STRICT_CONCURRENCY = complete;
				SWIFT_VERSION = 6.0;
			};
			name = Release;
		};
		1931BBFED3BDD556FF1D2414 /* Debug */ = {
			isa = XCBuildConfiguration;
			buildSettings = {
				ASSETCATALOG_COMPILER_APPICON_NAME = "";
				CODE_SIGN_ENTITLEMENTS = LunarCalendarApp/LunarCalendarApp.entitlements;
				CODE_SIGN_STYLE = Automatic;
				COMBINE_HIDPI_IMAGES = YES;
				DEVELOPMENT_TEAM = "";
				ENABLE_HARDENED_RUNTIME = YES;
				GENERATE_INFOPLIST_FILE = NO;
				INFOPLIST_FILE = LunarCalendarApp/Info.plist;
				LD_RUNPATH_SEARCH_PATHS = (
					"$(inherited)",
					"@executable_path/../Frameworks",
				);
				MACOSX_DEPLOYMENT_TARGET = 14.0;
				PRODUCT_BUNDLE_IDENTIFIER = com.reinamaccredy.lunarcalendar;
				PRODUCT_NAME = LunarCalendarApp;
				SDKROOT = macosx;
			};
			name = Debug;
		};
		667DCDA1587AC3742B62B1A5 /* Debug */ = {
			isa = XCBuildConfiguration;
			buildSettings = {
				ALWAYS_SEARCH_USER_PATHS = NO;
				CLANG_ANALYZER_NONNULL = YES;
				CLANG_ANALYZER_NUMBER_OBJECT_CONVERSION = YES_AGGRESSIVE;
				CLANG_CXX_LANGUAGE_STANDARD = "gnu++14";
				CLANG_CXX_LIBRARY = "libc++";
				CLANG_ENABLE_MODULES = YES;
				CLANG_ENABLE_OBJC_ARC = YES;
				CLANG_ENABLE_OBJC_WEAK = YES;
				CLANG_WARN_BLOCK_CAPTURE_AUTORELEASING = YES;
				CLANG_WARN_BOOL_CONVERSION = YES;
				CLANG_WARN_COMMA = YES;
				CLANG_WARN_CONSTANT_CONVERSION = YES;
				CLANG_WARN_DEPRECATED_OBJC_IMPLEMENTATIONS = YES;
				CLANG_WARN_DIRECT_OBJC_ISA_USAGE = YES_ERROR;
				CLANG_WARN_DOCUMENTATION_COMMENTS = YES;
				CLANG_WARN_EMPTY_BODY = YES;
				CLANG_WARN_ENUM_CONVERSION = YES;
				CLANG_WARN_INFINITE_RECURSION = YES;
				CLANG_WARN_INT_CONVERSION = YES;
				CLANG_WARN_NON_LITERAL_NULL_CONVERSION = YES;
				CLANG_WARN_OBJC_IMPLICIT_RETAIN_SELF = YES;
				CLANG_WARN_OBJC_LITERAL_CONVERSION = YES;
				CLANG_WARN_OBJC_ROOT_CLASS = YES_ERROR;
				CLANG_WARN_QUOTED_INCLUDE_IN_FRAMEWORK_HEADER = YES;
				CLANG_WARN_RANGE_LOOP_ANALYSIS = YES;
				CLANG_WARN_STRICT_PROTOTYPES = YES;
				CLANG_WARN_SUSPICIOUS_MOVE = YES;
				CLANG_WARN_UNGUARDED_AVAILABILITY = YES_AGGRESSIVE;
				CLANG_WARN_UNREACHABLE_CODE = YES;
				CLANG_WARN__DUPLICATE_METHOD_MATCH = YES;
				COPY_PHASE_STRIP = NO;
				DEBUG_INFORMATION_FORMAT = dwarf;
				ENABLE_STRICT_OBJC_MSGSEND = YES;
				ENABLE_TESTABILITY = YES;
				GCC_C_LANGUAGE_STANDARD = gnu11;
				GCC_DYNAMIC_NO_PIC = NO;
				GCC_NO_COMMON_BLOCKS = YES;
				GCC_OPTIMIZATION_LEVEL = 0;
				GCC_PREPROCESSOR_DEFINITIONS = (
					"$(inherited)",
					"DEBUG=1",
				);
				GCC_WARN_64_TO_32_BIT_CONVERSION = YES;
				GCC_WARN_ABOUT_RETURN_TYPE = YES_ERROR;
				GCC_WARN_UNDECLARED_SELECTOR = YES;
				GCC_WARN_UNINITIALIZED_AUTOS = YES_AGGRESSIVE;
				GCC_WARN_UNUSED_FUNCTION = YES;
				GCC_WARN_UNUSED_VARIABLE = YES;
				MACOSX_DEPLOYMENT_TARGET = 14.0;
				MTL_ENABLE_DEBUG_INFO = INCLUDE_SOURCE;
				MTL_FAST_MATH = YES;
				ONLY_ACTIVE_ARCH = YES;
				PRODUCT_NAME = "$(TARGET_NAME)";
				SDKROOT = macosx;
				SWIFT_ACTIVE_COMPILATION_CONDITIONS = DEBUG;
				SWIFT_OPTIMIZATION_LEVEL = "-Onone";
				SWIFT_STRICT_CONCURRENCY = complete;
				SWIFT_VERSION = 6.0;
			};
			name = Debug;
		};
		EC063773116F9ECAD9EDE787 /* Release */ = {
			isa = XCBuildConfiguration;
			buildSettings = {
				ASSETCATALOG_COMPILER_APPICON_NAME = "";
				CODE_SIGN_ENTITLEMENTS = LunarCalendarApp/LunarCalendarApp.entitlements;
				CODE_SIGN_STYLE = Automatic;
				COMBINE_HIDPI_IMAGES = YES;
				DEVELOPMENT_TEAM = "";
				ENABLE_HARDENED_RUNTIME = YES;
				GENERATE_INFOPLIST_FILE = NO;
				INFOPLIST_FILE = LunarCalendarApp/Info.plist;
				LD_RUNPATH_SEARCH_PATHS = (
					"$(inherited)",
					"@executable_path/../Frameworks",
				);
				MACOSX_DEPLOYMENT_TARGET = 14.0;
				PRODUCT_BUNDLE_IDENTIFIER = com.reinamaccredy.lunarcalendar;
				PRODUCT_NAME = LunarCalendarApp;
				SDKROOT = macosx;
			};
			name = Release;
		};
/* End XCBuildConfiguration section */

/* Begin XCConfigurationList section */
		1FA604C5614B50D51BF0CA31 /* Build configuration list for PBXNativeTarget "LunarCalendarApp" */ = {
			isa = XCConfigurationList;
			buildConfigurations = (
				1931BBFED3BDD556FF1D2414 /* Debug */,
				EC063773116F9ECAD9EDE787 /* Release */,
			);
			defaultConfigurationIsVisible = 0;
			defaultConfigurationName = Debug;
		};
		7A0F2A9B7E993A967B17AFC2 /* Build configuration list for PBXProject "LunarCalendarApp" */ = {
			isa = XCConfigurationList;
			buildConfigurations = (
				667DCDA1587AC3742B62B1A5 /* Debug */,
				131C45458666AA02623365AC /* Release */,
			);
			defaultConfigurationIsVisible = 0;
			defaultConfigurationName = Debug;
		};
/* End XCConfigurationList section */
	};
	rootObject = 3BDE7113F9869EDB9F6596DC /* Project object */;
}
